
Microsoft Visual Studio Solution File, Format Version 12.00
# Visual Studio Version 17
VisualStudioVersion = 17.4.33103.184
MinimumVisualStudioVersion = 10.0.40219.1
Project("{9A19103F-16F7-4668-BE54-9A1E7A4F7556}") = "Blaze3SDK", "Blaze3SDK\Blaze3SDK.csproj", "{D8D6C3E7-DA8E-48CF-BF31-675AE2B562FA}"
EndProject
Project("{9A19103F-16F7-4668-BE54-9A1E7A4F7556}") = "Blaze2SDK", "Blaze2SDK\Blaze2SDK.csproj", "{FBF5A673-C148-462B-874F-314D88BD4665}"
EndProject
Project("{9A19103F-16F7-4668-BE54-9A1E7A4F7556}") = "EATDF", "EATDF\EATDF.csproj", "{48BBEEB1-6BA4-4AFB-BECC-4B8261605CD4}"
EndProject
Project("{9A19103F-16F7-4668-BE54-9A1E7A4F7556}") = "ProtoFire", "ProtoFire\ProtoFire.csproj", "{4990B533-E275-4B4B-9594-3A62B6C384B1}"
EndProject
Project("{9A19103F-16F7-4668-BE54-9A1E7A4F7556}") = "Blaze.Core", "Blaze.Core\Blaze.Core.csproj", "{89CFBA3C-A88D-4091-BBF0-14D18DD1F4E6}"
EndProject
Project("{FAE04EC0-301F-11D3-BF4B-00C04F79EFBC}") = "Blaze.Hosting", "Blaze.Hosting\Blaze.Hosting.csproj", "{41A1DB4E-F610-41CD-A1C7-D3379E238FB3}"
EndProject
Global
	GlobalSection(SolutionConfigurationPlatforms) = preSolution
		Debug|Any CPU = Debug|Any CPU
		Debug|arm64 = Debug|arm64
		Debug|x64 = Debug|x64
		Debug|x86 = Debug|x86
		Release|Any CPU = Release|Any CPU
		Release|arm64 = Release|arm64
		Release|x64 = Release|x64
		Release|x86 = Release|x86
	EndGlobalSection
	GlobalSection(ProjectConfigurationPlatforms) = postSolution
		{D8D6C3E7-DA8E-48CF-BF31-675AE2B562FA}.Debug|Any CPU.ActiveCfg = Debug|Any CPU
		{D8D6C3E7-DA8E-48CF-BF31-675AE2B562FA}.Debug|Any CPU.Build.0 = Debug|Any CPU
		{D8D6C3E7-DA8E-48CF-BF31-675AE2B562FA}.Debug|arm64.ActiveCfg = Debug|Any CPU
		{D8D6C3E7-DA8E-48CF-BF31-675AE2B562FA}.Debug|arm64.Build.0 = Debug|Any CPU
		{D8D6C3E7-DA8E-48CF-BF31-675AE2B562FA}.Debug|x64.ActiveCfg = Debug|Any CPU
		{D8D6C3E7-DA8E-48CF-BF31-675AE2B562FA}.Debug|x64.Build.0 = Debug|Any CPU
		{D8D6C3E7-DA8E-48CF-BF31-675AE2B562FA}.Debug|x86.ActiveCfg = Debug|Any CPU
		{D8D6C3E7-DA8E-48CF-BF31-675AE2B562FA}.Debug|x86.Build.0 = Debug|Any CPU
		{D8D6C3E7-DA8E-48CF-BF31-675AE2B562FA}.Release|Any CPU.ActiveCfg = Release|Any CPU
		{D8D6C3E7-DA8E-48CF-BF31-675AE2B562FA}.Release|Any CPU.Build.0 = Release|Any CPU
		{D8D6C3E7-DA8E-48CF-BF31-675AE2B562FA}.Release|arm64.ActiveCfg = Release|Any CPU
		{D8D6C3E7-DA8E-48CF-BF31-675AE2B562FA}.Release|arm64.Build.0 = Release|Any CPU
		{D8D6C3E7-DA8E-48CF-BF31-675AE2B562FA}.Release|x64.ActiveCfg = Release|Any CPU
		{D8D6C3E7-DA8E-48CF-BF31-675AE2B562FA}.Release|x64.Build.0 = Release|Any CPU
		{D8D6C3E7-DA8E-48CF-BF31-675AE2B562FA}.Release|x86.ActiveCfg = Release|Any CPU
		{D8D6C3E7-DA8E-48CF-BF31-675AE2B562FA}.Release|x86.Build.0 = Release|Any CPU
		{FBF5A673-C148-462B-874F-314D88BD4665}.Debug|Any CPU.ActiveCfg = Debug|Any CPU
		{FBF5A673-C148-462B-874F-314D88BD4665}.Debug|Any CPU.Build.0 = Debug|Any CPU
		{FBF5A673-C148-462B-874F-314D88BD4665}.Debug|arm64.ActiveCfg = Debug|Any CPU
		{FBF5A673-C148-462B-874F-314D88BD4665}.Debug|arm64.Build.0 = Debug|Any CPU
		{FBF5A673-C148-462B-874F-314D88BD4665}.Debug|x64.ActiveCfg = Debug|Any CPU
		{FBF5A673-C148-462B-874F-314D88BD4665}.Debug|x64.Build.0 = Debug|Any CPU
		{FBF5A673-C148-462B-874F-314D88BD4665}.Debug|x86.ActiveCfg = Debug|Any CPU
		{FBF5A673-C148-462B-874F-314D88BD4665}.Debug|x86.Build.0 = Debug|Any CPU
		{FBF5A673-C148-462B-874F-314D88BD4665}.Release|Any CPU.ActiveCfg = Release|Any CPU
		{FBF5A673-C148-462B-874F-314D88BD4665}.Release|Any CPU.Build.0 = Release|Any CPU
		{FBF5A673-C148-462B-874F-314D88BD4665}.Release|arm64.ActiveCfg = Release|Any CPU
		{FBF5A673-C148-462B-874F-314D88BD4665}.Release|arm64.Build.0 = Release|Any CPU
		{FBF5A673-C148-462B-874F-314D88BD4665}.Release|x64.ActiveCfg = Release|Any CPU
		{FBF5A673-C148-462B-874F-314D88BD4665}.Release|x64.Build.0 = Release|Any CPU
		{FBF5A673-C148-462B-874F-314D88BD4665}.Release|x86.ActiveCfg = Release|Any CPU
		{FBF5A673-C148-462B-874F-314D88BD4665}.Release|x86.Build.0 = Release|Any CPU
		{48BBEEB1-6BA4-4AFB-BECC-4B8261605CD4}.Debug|Any CPU.ActiveCfg = Debug|Any CPU
		{48BBEEB1-6BA4-4AFB-BECC-4B8261605CD4}.Debug|Any CPU.Build.0 = Debug|Any CPU
		{48BBEEB1-6BA4-4AFB-BECC-4B8261605CD4}.Debug|arm64.ActiveCfg = Debug|Any CPU
		{48BBEEB1-6BA4-4AFB-BECC-4B8261605CD4}.Debug|arm64.Build.0 = Debug|Any CPU
		{48BBEEB1-6BA4-4AFB-BECC-4B8261605CD4}.Debug|x64.ActiveCfg = Debug|Any CPU
		{48BBEEB1-6BA4-4AFB-BECC-4B8261605CD4}.Debug|x64.Build.0 = Debug|Any CPU
		{48BBEEB1-6BA4-4AFB-BECC-4B8261605CD4}.Debug|x86.ActiveCfg = Debug|Any CPU
		{48BBEEB1-6BA4-4AFB-BECC-4B8261605CD4}.Debug|x86.Build.0 = Debug|Any CPU
		{48BBEEB1-6BA4-4AFB-BECC-4B8261605CD4}.Release|Any CPU.ActiveCfg = Release|Any CPU
		{48BBEEB1-6BA4-4AFB-BECC-4B8261605CD4}.Release|Any CPU.Build.0 = Release|Any CPU
		{48BBEEB1-6BA4-4AFB-BECC-4B8261605CD4}.Release|arm64.ActiveCfg = Release|Any CPU
		{48BBEEB1-6BA4-4AFB-BECC-4B8261605CD4}.Release|arm64.Build.0 = Release|Any CPU
		{48BBEEB1-6BA4-4AFB-BECC-4B8261605CD4}.Release|x64.ActiveCfg = Release|Any CPU
		{48BBEEB1-6BA4-4AFB-BECC-4B8261605CD4}.Release|x64.Build.0 = Release|Any CPU
		{48BBEEB1-6BA4-4AFB-BECC-4B8261605CD4}.Release|x86.ActiveCfg = Release|Any CPU
		{48BBEEB1-6BA4-4AFB-BECC-4B8261605CD4}.Release|x86.Build.0 = Release|Any CPU
		{4990B533-E275-4B4B-9594-3A62B6C384B1}.Debug|Any CPU.ActiveCfg = Debug|Any CPU
		{4990B533-E275-4B4B-9594-3A62B6C384B1}.Debug|Any CPU.Build.0 = Debug|Any CPU
		{4990B533-E275-4B4B-9594-3A62B6C384B1}.Debug|arm64.ActiveCfg = Debug|Any CPU
		{4990B533-E275-4B4B-9594-3A62B6C384B1}.Debug|arm64.Build.0 = Debug|Any CPU
		{4990B533-E275-4B4B-9594-3A62B6C384B1}.Debug|x64.ActiveCfg = Debug|Any CPU
		{4990B533-E275-4B4B-9594-3A62B6C384B1}.Debug|x64.Build.0 = Debug|Any CPU
		{4990B533-E275-4B4B-9594-3A62B6C384B1}.Debug|x86.ActiveCfg = Debug|Any CPU
		{4990B533-E275-4B4B-9594-3A62B6C384B1}.Debug|x86.Build.0 = Debug|Any CPU
		{4990B533-E275-4B4B-9594-3A62B6C384B1}.Release|Any CPU.ActiveCfg = Release|Any CPU
		{4990B533-E275-4B4B-9594-3A62B6C384B1}.Release|Any CPU.Build.0 = Release|Any CPU
		{4990B533-E275-4B4B-9594-3A62B6C384B1}.Release|arm64.ActiveCfg = Release|Any CPU
		{4990B533-E275-4B4B-9594-3A62B6C384B1}.Release|arm64.Build.0 = Release|Any CPU
		{4990B533-E275-4B4B-9594-3A62B6C384B1}.Release|x64.ActiveCfg = Release|Any CPU
		{4990B533-E275-4B4B-9594-3A62B6C384B1}.Release|x64.Build.0 = Release|Any CPU
		{4990B533-E275-4B4B-9594-3A62B6C384B1}.Release|x86.ActiveCfg = Release|Any CPU
		{4990B533-E275-4B4B-9594-3A62B6C384B1}.Release|x86.Build.0 = Release|Any CPU
		{89CFBA3C-A88D-4091-BBF0-14D18DD1F4E6}.Debug|Any CPU.ActiveCfg = Debug|Any CPU
		{89CFBA3C-A88D-4091-BBF0-14D18DD1F4E6}.Debug|Any CPU.Build.0 = Debug|Any CPU
		{89CFBA3C-A88D-4091-BBF0-14D18DD1F4E6}.Debug|arm64.ActiveCfg = Debug|Any CPU
		{89CFBA3C-A88D-4091-BBF0-14D18DD1F4E6}.Debug|arm64.Build.0 = Debug|Any CPU
		{89CFBA3C-A88D-4091-BBF0-14D18DD1F4E6}.Debug|x64.ActiveCfg = Debug|Any CPU
		{89CFBA3C-A88D-4091-BBF0-14D18DD1F4E6}.Debug|x64.Build.0 = Debug|Any CPU
		{89CFBA3C-A88D-4091-BBF0-14D18DD1F4E6}.Debug|x86.ActiveCfg = Debug|Any CPU
		{89CFBA3C-A88D-4091-BBF0-14D18DD1F4E6}.Debug|x86.Build.0 = Debug|Any CPU
		{89CFBA3C-A88D-4091-BBF0-14D18DD1F4E6}.Release|Any CPU.ActiveCfg = Release|Any CPU
		{89CFBA3C-A88D-4091-BBF0-14D18DD1F4E6}.Release|Any CPU.Build.0 = Release|Any CPU
		{89CFBA3C-A88D-4091-BBF0-14D18DD1F4E6}.Release|arm64.ActiveCfg = Release|Any CPU
		{89CFBA3C-A88D-4091-BBF0-14D18DD1F4E6}.Release|arm64.Build.0 = Release|Any CPU
		{89CFBA3C-A88D-4091-BBF0-14D18DD1F4E6}.Release|x64.ActiveCfg = Release|Any CPU
		{89CFBA3C-A88D-4091-BBF0-14D18DD1F4E6}.Release|x64.Build.0 = Release|Any CPU
		{89CFBA3C-A88D-4091-BBF0-14D18DD1F4E6}.Release|x86.ActiveCfg = Release|Any CPU
		{89CFBA3C-A88D-4091-BBF0-14D18DD1F4E6}.Release|x86.Build.0 = Release|Any CPU
		{41A1DB4E-F610-41CD-A1C7-D3379E238FB3}.Debug|Any CPU.ActiveCfg = Debug|Any CPU
		{41A1DB4E-F610-41CD-A1C7-D3379E238FB3}.Debug|Any CPU.Build.0 = Debug|Any CPU
		{41A1DB4E-F610-41CD-A1C7-D3379E238FB3}.Debug|arm64.ActiveCfg = Debug|Any CPU
		{41A1DB4E-F610-41CD-A1C7-D3379E238FB3}.Debug|arm64.Build.0 = Debug|Any CPU
		{41A1DB4E-F610-41CD-A1C7-D3379E238FB3}.Debug|x64.ActiveCfg = Debug|Any CPU
		{41A1DB4E-F610-41CD-A1C7-D3379E238FB3}.Debug|x64.Build.0 = Debug|Any CPU
		{41A1DB4E-F610-41CD-A1C7-D3379E238FB3}.Debug|x86.ActiveCfg = Debug|Any CPU
		{41A1DB4E-F610-41CD-A1C7-D3379E238FB3}.Debug|x86.Build.0 = Debug|Any CPU
		{41A1DB4E-F610-41CD-A1C7-D3379E238FB3}.Release|Any CPU.ActiveCfg = Release|Any CPU
		{41A1DB4E-F610-41CD-A1C7-D3379E238FB3}.Release|Any CPU.Build.0 = Release|Any CPU
		{41A1DB4E-F610-41CD-A1C7-D3379E238FB3}.Release|arm64.ActiveCfg = Release|Any CPU
		{41A1DB4E-F610-41CD-A1C7-D3379E238FB3}.Release|arm64.Build.0 = Release|Any CPU
		{41A1DB4E-F610-41CD-A1C7-D3379E238FB3}.Release|x64.ActiveCfg = Release|Any CPU
		{41A1DB4E-F610-41CD-A1C7-D3379E238FB3}.Release|x64.Build.0 = Release|Any CPU
		{41A1DB4E-F610-41CD-A1C7-D3379E238FB3}.Release|x86.ActiveCfg = Release|Any CPU
		{41A1DB4E-F610-41CD-A1C7-D3379E238FB3}.Release|x86.Build.0 = Release|Any CPU
	EndGlobalSection
	GlobalSection(SolutionProperties) = preSolution
		HideSolutionNode = FALSE
	EndGlobalSection
	GlobalSection(ExtensibilityGlobals) = postSolution
		SolutionGuid = {E1230238-1E12-46E7-88A4-0D111AF297E6}
	EndGlobalSection
EndGlobal
